hash: a4dc37eb677d9e7f409018b840b435b3dfbd02ad229d24f42ac942d2a07116b5
updated: 2018-03-16T23:16:25.752919561+01:00
imports:
- name: github.com/go-redis/redis
  version: 877867d2845fbaf86798befe410b6ceb6f5c29a3
  subpackages:
  - internal
  - internal/consistenthash
  - internal/hashtag
  - internal/pool
  - internal/proto
  - internal/singleflight
  - internal/util
- name: github.com/lib/pq
  version: 88edab0803230a3898347e77b474f8c1820a1f20
  subpackages:
  - oid
testImports: []
