hash: 55e100566d38affe5f77251e4ea0b07d3ebcca1480b2931c9cdc0e606398f5f3
updated: 2018-03-16T16:44:29.59466378+01:00
imports:
- name: github.com/go-redis/redis
  version: 877867d2845fbaf86798befe410b6ceb6f5c29a3
  subpackages:
  - internal
  - internal/consistenthash
  - internal/hashtag
  - internal/pool
  - internal/proto
  - internal/singleflight
  - internal/util
- name: gopkg.in/gographics/imagick.v2
  version: 589a8ef16fd4f08a29ad26afe5c33fb5673e4efc
  subpackages:
  - imagick
  - imagick/types
testImports: []
